// !$*UTF8*$!
{
	archiveVersion = 1;
	classes = {
	};
	objectVersion = 46;
	objects = {

/* Begin PBXBuildFile section */
		300ACC6318648D05002A01A1 /* CoreData.framework in Frameworks */ = {isa = PBXBuildFile; fileRef = 300ACC6218648D05002A01A1 /* CoreData.framework */; };
		300ACC69186490B1002A01A1 /* Photo.m in Sources */ = {isa = PBXBuildFile; fileRef = 300ACC68186490B1002A01A1 /* Photo.m */; };
		300ACC6C186490B2002A01A1 /* Spot.m in Sources */ = {isa = PBXBuildFile; fileRef = 300ACC6B186490B2002A01A1 /* Spot.m */; };
		300ACC6F18656887002A01A1 /* ImageViewController.m in Sources */ = {isa = PBXBuildFile; fileRef = 300ACC6E18656887002A01A1 /* ImageViewController.m */; };
		30898503185F49EF00C50C6E /* Foundation.framework in Frameworks */ = {isa = PBXBuildFile; fileRef = 30898502185F49EF00C50C6E /* Foundation.framework */; };
		30898505185F49EF00C50C6E /* CoreGraphics.framework in Frameworks */ = {isa = PBXBuildFile; fileRef = 30898504185F49EF00C50C6E /* CoreGraphics.framework */; };
		30898507185F49EF00C50C6E /* UIKit.framework in Frameworks */ = {isa = PBXBuildFile; fileRef = 30898506185F49EF00C50C6E /* UIKit.framework */; };
		3089850D185F49EF00C50C6E /* InfoPlist.strings in Resources */ = {isa = PBXBuildFile; fileRef = 3089850B185F49EF00C50C6E /* InfoPlist.strings */; };
		3089850F185F49EF00C50C6E /* main.m in Sources */ = {isa = PBXBuildFile; fileRef = 3089850E185F49EF00C50C6E /* main.m */; };
		30898513185F49EF00C50C6E /* AppDelegate.m in Sources */ = {isa = PBXBuildFile; fileRef = 30898512185F49EF00C50C6E /* AppDelegate.m */; };
		30898515185F49EF00C50C6E /* Images.xcassets in Resources */ = {isa = PBXBuildFile; fileRef = 30898514185F49EF00C50C6E /* Images.xcassets */; };
		3089851C185F49EF00C50C6E /* XCTest.framework in Frameworks */ = {isa = PBXBuildFile; fileRef = 3089851B185F49EF00C50C6E /* XCTest.framework */; };
		3089851D185F49EF00C50C6E /* Foundation.framework in Frameworks */ = {isa = PBXBuildFile; fileRef = 30898502185F49EF00C50C6E /* Foundation.framework */; };
		3089851E185F49EF00C50C6E /* UIKit.framework in Frameworks */ = {isa = PBXBuildFile; fileRef = 30898506185F49EF00C50C6E /* UIKit.framework */; };
		30898526185F49EF00C50C6E /* InfoPlist.strings in Resources */ = {isa = PBXBuildFile; fileRef = 30898524185F49EF00C50C6E /* InfoPlist.strings */; };
		30898528185F49EF00C50C6E /* CoreDataSPoTTests.m in Sources */ = {isa = PBXBuildFile; fileRef = 30898527185F49EF00C50C6E /* CoreDataSPoTTests.m */; };
		30898532185F4AF800C50C6E /* iPhone.storyboard in Resources */ = {isa = PBXBuildFile; fileRef = 30898531185F4AF800C50C6E /* iPhone.storyboard */; };
		30898534185F4B4600C50C6E /* iPad.storyboard in Resources */ = {isa = PBXBuildFile; fileRef = 30898533185F4B4600C50C6E /* iPad.storyboard */; };
		30898539185F4B8E00C50C6E /* FlickrFetcher.m in Sources */ = {isa = PBXBuildFile; fileRef = 30898538185F4B8E00C50C6E /* FlickrFetcher.m */; };
		3089853C185F4BC100C50C6E /* CoreDataSPoT-Prefix.xcdatamodeld in Sources */ = {isa = PBXBuildFile; fileRef = 3089853A185F4BC100C50C6E /* CoreDataSPoT-Prefix.xcdatamodeld */; };
		30E7B5921863388000CC82EB /* RecentPhotosCDTVC.m in Sources */ = {isa = PBXBuildFile; fileRef = 30E7B5911863388000CC82EB /* RecentPhotosCDTVC.m */; };
		30F188C418628B8E00DB1E64 /* CoreDataTableViewController.m in Sources */ = {isa = PBXBuildFile; fileRef = 30F188C318628B8E00DB1E64 /* CoreDataTableViewController.m */; };
		30F188C718628C1F00DB1E64 /* SpotCDTVC.m in Sources */ = {isa = PBXBuildFile; fileRef = 30F188C618628C1F00DB1E64 /* SpotCDTVC.m */; };
		30F188D018628E8900DB1E64 /* Photo+Flickr.m in Sources */ = {isa = PBXBuildFile; fileRef = 30F188CF18628E8900DB1E64 /* Photo+Flickr.m */; };
		30F188D3186293C400DB1E64 /* Spot+Create.m in Sources */ = {isa = PBXBuildFile; fileRef = 30F188D2186293C400DB1E64 /* Spot+Create.m */; };
		30F188D81862C86900DB1E64 /* PhotosBySpotCDTVC.m in Sources */ = {isa = PBXBuildFile; fileRef = 30F188D71862C86900DB1E64 /* PhotosBySpotCDTVC.m */; };
		30F188DB1862CB3400DB1E64 /* StanfordSpotCDTVC.m in Sources */ = {isa = PBXBuildFile; fileRef = 30F188DA1862CB3400DB1E64 /* StanfordSpotCDTVC.m */; };
/* End PBXBuildFile section */

/* Begin PBXContainerItemProxy section */
		3089851F185F49EF00C50C6E /* PBXContainerItemProxy */ = {
			isa = PBXContainerItemProxy;
			containerPortal = 308984F7185F49EE00C50C6E /* Project object */;
			proxyType = 1;
			remoteGlobalIDString = 308984FE185F49EE00C50C6E;
			remoteInfo = CoreDataSPoT;
		};
/* End PBXContainerItemProxy section */

/* Begin PBXFileReference section */
		300ACC6218648D05002A01A1 /* CoreData.framework */ = {isa = PBXFileReference; lastKnownFileType = wrapper.framework; name = CoreData.framework; path = System/Library/Frameworks/CoreData.framework; sourceTree = SDKROOT; };
		300ACC67186490B1002A01A1 /* Photo.h */ = {isa = PBXFileReference; fileEncoding = 4; lastKnownFileType = sourcecode.c.h; path = Photo.h; sourceTree = "<group>"; };
		300ACC68186490B1002A01A1 /* Photo.m */ = {isa = PBXFileReference; fileEncoding = 4; lastKnownFileType = sourcecode.c.objc; path = Photo.m; sourceTree = "<group>"; };
		300ACC6A186490B2002A01A1 /* Spot.h */ = {isa = PBXFileReference; fileEncoding = 4; lastKnownFileType = sourcecode.c.h; path = Spot.h; sourceTree = "<group>"; };
		300ACC6B186490B2002A01A1 /* Spot.m */ = {isa = PBXFileReference; fileEncoding = 4; lastKnownFileType = sourcecode.c.objc; path = Spot.m; sourceTree = "<group>"; };
		300ACC6D18656887002A01A1 /* ImageViewController.h */ = {isa = PBXFileReference; fileEncoding = 4; lastKnownFileType = sourcecode.c.h; path = ImageViewController.h; sourceTree = "<group>"; };
		300ACC6E18656887002A01A1 /* ImageViewController.m */ = {isa = PBXFileReference; fileEncoding = 4; lastKnownFileType = sourcecode.c.objc; path = ImageViewController.m; sourceTree = "<group>"; };
		308984FF185F49EF00C50C6E /* CoreDataSPoT.app */ = {isa = PBXFileReference; explicitFileType = wrapper.application; includeInIndex = 0; path = CoreDataSPoT.app; sourceTree = BUILT_PRODUCTS_DIR; };
		30898502185F49EF00C50C6E /* Foundation.framework */ = {isa = PBXFileReference; lastKnownFileType = wrapper.framework; name = Foundation.framework; path = System/Library/Frameworks/Foundation.framework; sourceTree = SDKROOT; };
		30898504185F49EF00C50C6E /* CoreGraphics.framework */ = {isa = PBXFileReference; lastKnownFileType = wrapper.framework; name = CoreGraphics.framework; path = System/Library/Frameworks/CoreGraphics.framework; sourceTree = SDKROOT; };
		30898506185F49EF00C50C6E /* UIKit.framework */ = {isa = PBXFileReference; lastKnownFileType = wrapper.framework; name = UIKit.framework; path = System/Library/Frameworks/UIKit.framework; sourceTree = SDKROOT; };
		3089850A185F49EF00C50C6E /* CoreDataSPoT-Info.plist */ = {isa = PBXFileReference; lastKnownFileType = text.plist.xml; path = "CoreDataSPoT-Info.plist"; sourceTree = "<group>"; };
		3089850C185F49EF00C50C6E /* en */ = {isa = PBXFileReference; lastKnownFileType = text.plist.strings; name = en; path = en.lproj/InfoPlist.strings; sourceTree = "<group>"; };
		3089850E185F49EF00C50C6E /* main.m */ = {isa = PBXFileReference; lastKnownFileType = sourcecode.c.objc; path = main.m; sourceTree = "<group>"; };
		30898510185F49EF00C50C6E /* CoreDataSPoT-Prefix.pch */ = {isa = PBXFileReference; lastKnownFileType = sourcecode.c.h; path = "CoreDataSPoT-Prefix.pch"; sourceTree = "<group>"; };
		30898511185F49EF00C50C6E /* AppDelegate.h */ = {isa = PBXFileReference; lastKnownFileType = sourcecode.c.h; path = AppDelegate.h; sourceTree = "<group>"; };
		30898512185F49EF00C50C6E /* AppDelegate.m */ = {isa = PBXFileReference; lastKnownFileType = sourcecode.c.objc; path = AppDelegate.m; sourceTree = "<group>"; };
		30898514185F49EF00C50C6E /* Images.xcassets */ = {isa = PBXFileReference; lastKnownFileType = folder.assetcatalog; path = Images.xcassets; sourceTree = "<group>"; };
		3089851A185F49EF00C50C6E /* CoreDataSPoTTests.xctest */ = {isa = PBXFileReference; explicitFileType = wrapper.cfbundle; includeInIndex = 0; path = CoreDataSPoTTests.xctest; sourceTree = BUILT_PRODUCTS_DIR; };
		3089851B185F49EF00C50C6E /* XCTest.framework */ = {isa = PBXFileReference; lastKnownFileType = wrapper.framework; name = XCTest.framework; path = Library/Frameworks/XCTest.framework; sourceTree = DEVELOPER_DIR; };
		30898523185F49EF00C50C6E /* CoreDataSPoTTests-Info.plist */ = {isa = PBXFileReference; lastKnownFileType = text.plist.xml; path = "CoreDataSPoTTests-Info.plist"; sourceTree = "<group>"; };
		30898525185F49EF00C50C6E /* en */ = {isa = PBXFileReference; lastKnownFileType = text.plist.strings; name = en; path = en.lproj/InfoPlist.strings; sourceTree = "<group>"; };
		30898527185F49EF00C50C6E /* CoreDataSPoTTests.m */ = {isa = PBXFileReference; lastKnownFileType = sourcecode.c.objc; path = CoreDataSPoTTests.m; sourceTree = "<group>"; };
		30898531185F4AF800C50C6E /* iPhone.storyboard */ = {isa = PBXFileReference; fileEncoding = 4; lastKnownFileType = file.storyboard; path = iPhone.storyboard; sourceTree = "<group>"; };
		30898533185F4B4600C50C6E /* iPad.storyboard */ = {isa = PBXFileReference; fileEncoding = 4; lastKnownFileType = file.storyboard; path = iPad.storyboard; sourceTree = "<group>"; };
		30898536185F4B8E00C50C6E /* FlickrAPIKey.h */ = {isa = PBXFileReference; fileEncoding = 4; lastKnownFileType = sourcecode.c.h; path = FlickrAPIKey.h; sourceTree = "<group>"; };
		30898537185F4B8E00C50C6E /* FlickrFetcher.h */ = {isa = PBXFileReference; fileEncoding = 4; lastKnownFileType = sourcecode.c.h; path = FlickrFetcher.h; sourceTree = "<group>"; };
		30898538185F4B8E00C50C6E /* FlickrFetcher.m */ = {isa = PBXFileReference; fileEncoding = 4; lastKnownFileType = sourcecode.c.objc; path = FlickrFetcher.m; sourceTree = "<group>"; };
		3089853B185F4BC100C50C6E /* CoreDataSPoT-Prefix.xcdatamodel */ = {isa = PBXFileReference; lastKnownFileType = wrapper.xcdatamodel; path = "CoreDataSPoT-Prefix.xcdatamodel"; sourceTree = "<group>"; };
		30E7B5901863388000CC82EB /* RecentPhotosCDTVC.h */ = {isa = PBXFileReference; fileEncoding = 4; lastKnownFileType = sourcecode.c.h; path = RecentPhotosCDTVC.h; sourceTree = "<group>"; };
		30E7B5911863388000CC82EB /* RecentPhotosCDTVC.m */ = {isa = PBXFileReference; fileEncoding = 4; lastKnownFileType = sourcecode.c.objc; path = RecentPhotosCDTVC.m; sourceTree = "<group>"; };
		30F188C218628B8E00DB1E64 /* CoreDataTableViewController.h */ = {isa = PBXFileReference; fileEncoding = 4; lastKnownFileType = sourcecode.c.h; path = CoreDataTableViewController.h; sourceTree = "<group>"; };
		30F188C318628B8E00DB1E64 /* CoreDataTableViewController.m */ = {isa = PBXFileReference; fileEncoding = 4; lastKnownFileType = sourcecode.c.objc; path = CoreDataTableViewController.m; sourceTree = "<group>"; };
		30F188C518628C1F00DB1E64 /* SpotCDTVC.h */ = {isa = PBXFileReference; fileEncoding = 4; lastKnownFileType = sourcecode.c.h; path = SpotCDTVC.h; sourceTree = "<group>"; };
		30F188C618628C1F00DB1E64 /* SpotCDTVC.m */ = {isa = PBXFileReference; fileEncoding = 4; lastKnownFileType = sourcecode.c.objc; path = SpotCDTVC.m; sourceTree = "<group>"; };
		30F188CE18628E8900DB1E64 /* Photo+Flickr.h */ = {isa = PBXFileReference; fileEncoding = 4; lastKnownFileType = sourcecode.c.h; path = "Photo+Flickr.h"; sourceTree = "<group>"; };
		30F188CF18628E8900DB1E64 /* Photo+Flickr.m */ = {isa = PBXFileReference; fileEncoding = 4; lastKnownFileType = sourcecode.c.objc; path = "Photo+Flickr.m"; sourceTree = "<group>"; };
		30F188D1186293C400DB1E64 /* Spot+Create.h */ = {isa = PBXFileReference; fileEncoding = 4; lastKnownFileType = sourcecode.c.h; path = "Spot+Create.h"; sourceTree = "<group>"; };
		30F188D2186293C400DB1E64 /* Spot+Create.m */ = {isa = PBXFileReference; fileEncoding = 4; lastKnownFileType = sourcecode.c.objc; path = "Spot+Create.m"; sourceTree = "<group>"; };
		30F188D61862C86900DB1E64 /* PhotosBySpotCDTVC.h */ = {isa = PBXFileReference; fileEncoding = 4; lastKnownFileType = sourcecode.c.h; path = PhotosBySpotCDTVC.h; sourceTree = "<group>"; };
		30F188D71862C86900DB1E64 /* PhotosBySpotCDTVC.m */ = {isa = PBXFileReference; fileEncoding = 4; lastKnownFileType = sourcecode.c.objc; path = PhotosBySpotCDTVC.m; sourceTree = "<group>"; };
		30F188D91862CB3400DB1E64 /* StanfordSpotCDTVC.h */ = {isa = PBXFileReference; fileEncoding = 4; lastKnownFileType = sourcecode.c.h; path = StanfordSpotCDTVC.h; sourceTree = "<group>"; };
		30F188DA1862CB3400DB1E64 /* StanfordSpotCDTVC.m */ = {isa = PBXFileReference; fileEncoding = 4; lastKnownFileType = sourcecode.c.objc; path = StanfordSpotCDTVC.m; sourceTree = "<group>"; };
/* End PBXFileReference section */

/* Begin PBXFrameworksBuildPhase section */
		308984FC185F49EE00C50C6E /* Frameworks */ = {
			isa = PBXFrameworksBuildPhase;
			buildActionMask = 2147483647;
			files = (
				300ACC6318648D05002A01A1 /* CoreData.framework in Frameworks */,
				30898505185F49EF00C50C6E /* CoreGraphics.framework in Frameworks */,
				30898507185F49EF00C50C6E /* UIKit.framework in Frameworks */,
				30898503185F49EF00C50C6E /* Foundation.framework in Frameworks */,
			);
			runOnlyForDeploymentPostprocessing = 0;
		};
		30898517185F49EF00C50C6E /* Frameworks */ = {
			isa = PBXFrameworksBuildPhase;
			buildActionMask = 2147483647;
			files = (
				3089851C185F49EF00C50C6E /* XCTest.framework in Frameworks */,
				3089851E185F49EF00C50C6E /* UIKit.framework in Frameworks */,
				3089851D185F49EF00C50C6E /* Foundation.framework in Frameworks */,
			);
			runOnlyForDeploymentPostprocessing = 0;
		};
/* End PBXFrameworksBuildPhase section */

/* Begin PBXGroup section */
		3017E4DC1861ECB700C46EAF /* Core Data */ = {
			isa = PBXGroup;
			children = (
				30F188D1186293C400DB1E64 /* Spot+Create.h */,
				30F188D2186293C400DB1E64 /* Spot+Create.m */,
				30F188CE18628E8900DB1E64 /* Photo+Flickr.h */,
				30F188CF18628E8900DB1E64 /* Photo+Flickr.m */,
				3089853A185F4BC100C50C6E /* CoreDataSPoT-Prefix.xcdatamodeld */,
				300ACC67186490B1002A01A1 /* Photo.h */,
				300ACC68186490B1002A01A1 /* Photo.m */,
				300ACC6A186490B2002A01A1 /* Spot.h */,
				300ACC6B186490B2002A01A1 /* Spot.m */,
			);
			name = "Core Data";
			sourceTree = "<group>";
		};
		308984F6185F49EE00C50C6E = {
			isa = PBXGroup;
			children = (
				30898508185F49EF00C50C6E /* CoreDataSPoT */,
				30898521185F49EF00C50C6E /* CoreDataSPoTTests */,
				30898501185F49EF00C50C6E /* Frameworks */,
				30898500185F49EF00C50C6E /* Products */,
			);
			sourceTree = "<group>";
		};
		30898500185F49EF00C50C6E /* Products */ = {
			isa = PBXGroup;
			children = (
				308984FF185F49EF00C50C6E /* CoreDataSPoT.app */,
				3089851A185F49EF00C50C6E /* CoreDataSPoTTests.xctest */,
			);
			name = Products;
			sourceTree = "<group>";
		};
		30898501185F49EF00C50C6E /* Frameworks */ = {
			isa = PBXGroup;
			children = (
				300ACC6218648D05002A01A1 /* CoreData.framework */,
				30898502185F49EF00C50C6E /* Foundation.framework */,
				30898504185F49EF00C50C6E /* CoreGraphics.framework */,
				30898506185F49EF00C50C6E /* UIKit.framework */,
				3089851B185F49EF00C50C6E /* XCTest.framework */,
			);
			name = Frameworks;
			sourceTree = "<group>";
		};
		30898508185F49EF00C50C6E /* CoreDataSPoT */ = {
			isa = PBXGroup;
			children = (
				30898531185F4AF800C50C6E /* iPhone.storyboard */,
				30898533185F4B4600C50C6E /* iPad.storyboard */,
				30F188C218628B8E00DB1E64 /* CoreDataTableViewController.h */,
				30F188C318628B8E00DB1E64 /* CoreDataTableViewController.m */,
				30F188C518628C1F00DB1E64 /* SpotCDTVC.h */,
				30F188C618628C1F00DB1E64 /* SpotCDTVC.m */,
				30F188D91862CB3400DB1E64 /* StanfordSpotCDTVC.h */,
				30F188DA1862CB3400DB1E64 /* StanfordSpotCDTVC.m */,
				30F188D61862C86900DB1E64 /* PhotosBySpotCDTVC.h */,
				30F188D71862C86900DB1E64 /* PhotosBySpotCDTVC.m */,
				30E7B5901863388000CC82EB /* RecentPhotosCDTVC.h */,
				30E7B5911863388000CC82EB /* RecentPhotosCDTVC.m */,
				300ACC6D18656887002A01A1 /* ImageViewController.h */,
				300ACC6E18656887002A01A1 /* ImageViewController.m */,
				30898514185F49EF00C50C6E /* Images.xcassets */,
				3017E4DC1861ECB700C46EAF /* Core Data */,
				30898535185F4B8E00C50C6E /* FlickrFetcher */,
				30898509185F49EF00C50C6E /* Supporting Files */,
			);
			path = CoreDataSPoT;
			sourceTree = "<group>";
		};
		30898509185F49EF00C50C6E /* Supporting Files */ = {
			isa = PBXGroup;
			children = (
				30898511185F49EF00C50C6E /* AppDelegate.h */,
				30898512185F49EF00C50C6E /* AppDelegate.m */,
				3089850A185F49EF00C50C6E /* CoreDataSPoT-Info.plist */,
				3089850B185F49EF00C50C6E /* InfoPlist.strings */,
				3089850E185F49EF00C50C6E /* main.m */,
				30898510185F49EF00C50C6E /* CoreDataSPoT-Prefix.pch */,
			);
			name = "Supporting Files";
			sourceTree = "<group>";
		};
		30898521185F49EF00C50C6E /* CoreDataSPoTTests */ = {
			isa = PBXGroup;
			children = (
				30898527185F49EF00C50C6E /* CoreDataSPoTTests.m */,
				30898522185F49EF00C50C6E /* Supporting Files */,
			);
			path = CoreDataSPoTTests;
			sourceTree = "<group>";
		};
		30898522185F49EF00C50C6E /* Supporting Files */ = {
			isa = PBXGroup;
			children = (
				30898523185F49EF00C50C6E /* CoreDataSPoTTests-Info.plist */,
				30898524185F49EF00C50C6E /* InfoPlist.strings */,
			);
			name = "Supporting Files";
			sourceTree = "<group>";
		};
		30898535185F4B8E00C50C6E /* FlickrFetcher */ = {
			isa = PBXGroup;
			children = (
				30898536185F4B8E00C50C6E /* FlickrAPIKey.h */,
				30898537185F4B8E00C50C6E /* FlickrFetcher.h */,
				30898538185F4B8E00C50C6E /* FlickrFetcher.m */,
			);
			path = FlickrFetcher;
			sourceTree = "<group>";
		};
/* End PBXGroup section */

/* Begin PBXNativeTarget section */
		308984FE185F49EE00C50C6E /* CoreDataSPoT */ = {
			isa = PBXNativeTarget;
			buildConfigurationList = 3089852B185F49EF00C50C6E /* Build configuration list for PBXNativeTarget "CoreDataSPoT" */;
			buildPhases = (
				308984FB185F49EE00C50C6E /* Sources */,
				308984FC185F49EE00C50C6E /* Frameworks */,
				308984FD185F49EE00C50C6E /* Resources */,
			);
			buildRules = (
			);
			dependencies = (
			);
			name = CoreDataSPoT;
			productName = CoreDataSPoT;
			productReference = 308984FF185F49EF00C50C6E /* CoreDataSPoT.app */;
			productType = "com.apple.product-type.application";
		};
		30898519185F49EF00C50C6E /* CoreDataSPoTTests */ = {
			isa = PBXNativeTarget;
			buildConfigurationList = 3089852E185F49EF00C50C6E /* Build configuration list for PBXNativeTarget "CoreDataSPoTTests" */;
			buildPhases = (
				30898516185F49EF00C50C6E /* Sources */,
				30898517185F49EF00C50C6E /* Frameworks */,
				30898518185F49EF00C50C6E /* Resources */,
			);
			buildRules = (
			);
			dependencies = (
				30898520185F49EF00C50C6E /* PBXTargetDependency */,
			);
			name = CoreDataSPoTTests;
			productName = CoreDataSPoTTests;
			productReference = 3089851A185F49EF00C50C6E /* CoreDataSPoTTests.xctest */;
			productType = "com.apple.product-type.bundle.unit-test";
		};
/* End PBXNativeTarget section */

/* Begin PBXProject section */
		308984F7185F49EE00C50C6E /* Project object */ = {
			isa = PBXProject;
			attributes = {
				LastUpgradeCheck = 0500;
				ORGANIZATIONNAME = CS193p;
				TargetAttributes = {
					30898519185F49EF00C50C6E = {
						TestTargetID = 308984FE185F49EE00C50C6E;
					};
				};
			};
			buildConfigurationList = 308984FA185F49EE00C50C6E /* Build configuration list for PBXProject "CoreDataSPoT" */;
			compatibilityVersion = "Xcode 3.2";
			developmentRegion = English;
			hasScannedForEncodings = 0;
			knownRegions = (
				en,
			);
			mainGroup = 308984F6185F49EE00C50C6E;
			productRefGroup = 30898500185F49EF00C50C6E /* Products */;
			projectDirPath = "";
			projectRoot = "";
			targets = (
				308984FE185F49EE00C50C6E /* CoreDataSPoT */,
				30898519185F49EF00C50C6E /* CoreDataSPoTTests */,
			);
		};
/* End PBXProject section */

/* Begin PBXResourcesBuildPhase section */
		308984FD185F49EE00C50C6E /* Resources */ = {
			isa = PBXResourcesBuildPhase;
			buildActionMask = 2147483647;
			files = (
				30898534185F4B4600C50C6E /* iPad.storyboard in Resources */,
				3089850D185F49EF00C50C6E /* InfoPlist.strings in Resources */,
				30898532185F4AF800C50C6E /* iPhone.storyboard in Resources */,
				30898515185F49EF00C50C6E /* Images.xcassets in Resources */,
			);
			runOnlyForDeploymentPostprocessing = 0;
		};
		30898518185F49EF00C50C6E /* Resources */ = {
			isa = PBXResourcesBuildPhase;
			buildActionMask = 2147483647;
			files = (
				30898526185F49EF00C50C6E /* InfoPlist.strings in Resources */,
			);
			runOnlyForDeploymentPostprocessing = 0;
		};
/* End PBXResourcesBuildPhase section */

/* Begin PBXSourcesBuildPhase section */
		308984FB185F49EE00C50C6E /* Sources */ = {
			isa = PBXSourcesBuildPhase;
			buildActionMask = 2147483647;
			files = (
				300ACC6F18656887002A01A1 /* ImageViewController.m in Sources */,
				300ACC69186490B1002A01A1 /* Photo.m in Sources */,
				300ACC6C186490B2002A01A1 /* Spot.m in Sources */,
				30E7B5921863388000CC82EB /* RecentPhotosCDTVC.m in Sources */,
				30F188C718628C1F00DB1E64 /* SpotCDTVC.m in Sources */,
				3089853C185F4BC100C50C6E /* CoreDataSPoT-Prefix.xcdatamodeld in Sources */,
				30F188C418628B8E00DB1E64 /* CoreDataTableViewController.m in Sources */,
				30898513185F49EF00C50C6E /* AppDelegate.m in Sources */,
				30F188DB1862CB3400DB1E64 /* StanfordSpotCDTVC.m in Sources */,
				30898539185F4B8E00C50C6E /* FlickrFetcher.m in Sources */,
				30F188D018628E8900DB1E64 /* Photo+Flickr.m in Sources */,
				30F188D3186293C400DB1E64 /* Spot+Create.m in Sources */,
				3089850F185F49EF00C50C6E /* main.m in Sources */,
				30F188D81862C86900DB1E64 /* PhotosBySpotCDTVC.m in Sources */,
			);
			runOnlyForDeploymentPostprocessing = 0;
		};
		30898516185F49EF00C50C6E /* Sources */ = {
			isa = PBXSourcesBuildPhase;
			buildActionMask = 2147483647;
			files = (
				30898528185F49EF00C50C6E /* CoreDataSPoTTests.m in Sources */,
			);
			runOnlyForDeploymentPostprocessing = 0;
		};
/* End PBXSourcesBuildPhase section */

/* Begin PBXTargetDependency section */
		30898520185F49EF00C50C6E /* PBXTargetDependency */ = {
			isa = PBXTargetDependency;
			target = 308984FE185F49EE00C50C6E /* CoreDataSPoT */;
			targetProxy = 3089851F185F49EF00C50C6E /* PBXContainerItemProxy */;
		};
/* End PBXTargetDependency section */

/* Begin PBXVariantGroup section */
		3089850B185F49EF00C50C6E /* InfoPlist.strings */ = {
			isa = PBXVariantGroup;
			children = (
				3089850C185F49EF00C50C6E /* en */,
			);
			name = InfoPlist.strings;
			sourceTree = "<group>";
		};
		30898524185F49EF00C50C6E /* InfoPlist.strings */ = {
			isa = PBXVariantGroup;
			children = (
				30898525185F49EF00C50C6E /* en */,
			);
			name = InfoPlist.strings;
			sourceTree = "<group>";
		};
/* End PBXVariantGroup section */

/* Begin XCBuildConfiguration section */
		30898529185F49EF00C50C6E /* Debug */ = {
			isa = XCBuildConfiguration;
			buildSettings = {
				ALWAYS_SEARCH_USER_PATHS = NO;
				ARCHS = "$(ARCHS_STANDARD_INCLUDING_64_BIT)";
				CLANG_CXX_LANGUAGE_STANDARD = "gnu++0x";
				CLANG_CXX_LIBRARY = "libc++";
				CLANG_ENABLE_MODULES = YES;
				CLANG_ENABLE_OBJC_ARC = YES;
				CLANG_WARN_BOOL_CONVERSION = YES;
				CLANG_WARN_CONSTANT_CONVERSION = YES;
				CLANG_WARN_DIRECT_OBJC_ISA_USAGE = YES_ERROR;
				CLANG_WARN_EMPTY_BODY = YES;
				CLANG_WARN_ENUM_CONVERSION = YES;
				CLANG_WARN_INT_CONVERSION = YES;
				CLANG_WARN_OBJC_ROOT_CLASS = YES_ERROR;
				CLANG_WARN__DUPLICATE_METHOD_MATCH = YES;
				"CODE_SIGN_IDENTITY[sdk=iphoneos*]" = "iPhone Developer";
				COPY_PHASE_STRIP = NO;
				GCC_C_LANGUAGE_STANDARD = gnu99;
				GCC_DYNAMIC_NO_PIC = NO;
				GCC_OPTIMIZATION_LEVEL = 0;
				GCC_PREPROCESSOR_DEFINITIONS = (
					"DEBUG=1",
					"$(inherited)",
				);
				GCC_SYMBOLS_PRIVATE_EXTERN = NO;
				GCC_WARN_64_TO_32_BIT_CONVERSION = YES;
				GCC_WARN_ABOUT_RETURN_TYPE = YES_ERROR;
				GCC_WARN_UNDECLARED_SELECTOR = YES;
				GCC_WARN_UNINITIALIZED_AUTOS = YES;
				GCC_WARN_UNUSED_FUNCTION = YES;
				GCC_WARN_UNUSED_VARIABLE = YES;
				IPHONEOS_DEPLOYMENT_TARGET = 7.0;
				ONLY_ACTIVE_ARCH = YES;
				SDKROOT = iphoneos;
				TARGETED_DEVICE_FAMILY = "1,2";
			};
			name = Debug;
		};
		3089852A185F49EF00C50C6E /* Release */ = {
			isa = XCBuildConfiguration;
			buildSettings = {
				ALWAYS_SEARCH_USER_PATHS = NO;
				ARCHS = "$(ARCHS_STANDARD_INCLUDING_64_BIT)";
				CLANG_CXX_LANGUAGE_STANDARD = "gnu++0x";
				CLANG_CXX_LIBRARY = "libc++";
				CLANG_ENABLE_MODULES = YES;
				CLANG_ENABLE_OBJC_ARC = YES;
				CLANG_WARN_BOOL_CONVERSION = YES;
				CLANG_WARN_CONSTANT_CONVERSION = YES;
				CLANG_WARN_DIRECT_OBJC_ISA_USAGE = YES_ERROR;
				CLANG_WARN_EMPTY_BODY = YES;
				CLANG_WARN_ENUM_CONVERSION = YES;
				CLANG_WARN_INT_CONVERSION = YES;
				CLANG_WARN_OBJC_ROOT_CLASS = YES_ERROR;
				CLANG_WARN__DUPLICATE_METHOD_MATCH = YES;
				"CODE_SIGN_IDENTITY[sdk=iphoneos*]" = "iPhone Developer";
				COPY_PHASE_STRIP = YES;
				ENABLE_NS_ASSERTIONS = NO;
				GCC_C_LANGUAGE_STANDARD = gnu99;
				GCC_WARN_64_TO_32_BIT_CONVERSION = YES;
				GCC_WARN_ABOUT_RETURN_TYPE = YES_ERROR;
				GCC_WARN_UNDECLARED_SELECTOR = YES;
				GCC_WARN_UNINITIALIZED_AUTOS = YES;
				GCC_WARN_UNUSED_FUNCTION = YES;
				GCC_WARN_UNUSED_VARIABLE = YES;
				IPHONEOS_DEPLOYMENT_TARGET = 7.0;
				SDKROOT = iphoneos;
				TARGETED_DEVICE_FAMILY = "1,2";
				VALIDATE_PRODUCT = YES;
			};
			name = Release;
		};
		3089852C185F49EF00C50C6E /* Debug */ = {
			isa = XCBuildConfiguration;
			buildSettings = {
				ASSETCATALOG_COMPILER_APPICON_NAME = AppIcon;
				ASSETCATALOG_COMPILER_LAUNCHIMAGE_NAME = LaunchImage;
				GCC_PRECOMPILE_PREFIX_HEADER = YES;
				GCC_PREFIX_HEADER = "CoreDataSPoT/CoreDataSPoT-Prefix.pch";
				INFOPLIST_FILE = "CoreDataSPoT/CoreDataSPoT-Info.plist";
				IPHONEOS_DEPLOYMENT_TARGET = 6.0;
				PRODUCT_NAME = "$(TARGET_NAME)";
				WRAPPER_EXTENSION = app;
			};
			name = Debug;
		};
		3089852D185F49EF00C50C6E /* Release */ = {
			isa = XCBuildConfiguration;
			buildSettings = {
				ASSETCATALOG_COMPILER_APPICON_NAME = AppIcon;
				ASSETCATALOG_COMPILER_LAUNCHIMAGE_NAME = LaunchImage;
				GCC_PRECOMPILE_PREFIX_HEADER = YES;
				GCC_PREFIX_HEADER = "CoreDataSPoT/CoreDataSPoT-Prefix.pch";
				INFOPLIST_FILE = "CoreDataSPoT/CoreDataSPoT-Info.plist";
				IPHONEOS_DEPLOYMENT_TARGET = 6.0;
				PRODUCT_NAME = "$(TARGET_NAME)";
				WRAPPER_EXTENSION = app;
			};
			name = Release;
		};
		3089852F185F49EF00C50C6E /* Debug */ = {
			isa = XCBuildConfiguration;
			buildSettings = {
				ARCHS = "$(ARCHS_STANDARD_INCLUDING_64_BIT)";
				BUNDLE_LOADER = "$(BUILT_PRODUCTS_DIR)/CoreDataSPoT.app/CoreDataSPoT";
				FRAMEWORK_SEARCH_PATHS = (
					"$(SDKROOT)/Developer/Library/Frameworks",
					"$(inherited)",
					"$(DEVELOPER_FRAMEWORKS_DIR)",
				);
				GCC_PRECOMPILE_PREFIX_HEADER = YES;
				GCC_PREFIX_HEADER = "CoreDataSPoT/CoreDataSPoT-Prefix.pch";
				GCC_PREPROCESSOR_DEFINITIONS = (
					"DEBUG=1",
					"$(inherited)",
				);
				INFOPLIST_FILE = "CoreDataSPoTTests/CoreDataSPoTTests-Info.plist";
				PRODUCT_NAME = "$(TARGET_NAME)";
				TEST_HOST = "$(BUNDLE_LOADER)";
				WRAPPER_EXTENSION = xctest;
			};
			name = Debug;
		};
		30898530185F49EF00C50C6E /* Release */ = {
			isa = XCBuildConfiguration;
			buildSettings = {
				ARCHS = "$(ARCHS_STANDARD_INCLUDING_64_BIT)";
				BUNDLE_LOADER = "$(BUILT_PRODUCTS_DIR)/CoreDataSPoT.app/CoreDataSPoT";
				FRAMEWORK_SEARCH_PATHS = (
					"$(SDKROOT)/Developer/Library/Frameworks",
					"$(inherited)",
					"$(DEVELOPER_FRAMEWORKS_DIR)",
				);
				GCC_PRECOMPILE_PREFIX_HEADER = YES;
				GCC_PREFIX_HEADER = "CoreDataSPoT/CoreDataSPoT-Prefix.pch";
				INFOPLIST_FILE = "CoreDataSPoTTests/CoreDataSPoTTests-Info.plist";
				PRODUCT_NAME = "$(TARGET_NAME)";
				TEST_HOST = "$(BUNDLE_LOADER)";
				WRAPPER_EXTENSION = xctest;
			};
			name = Release;
		};
/* End XCBuildConfiguration section */

/* Begin XCConfigurationList section */
		308984FA185F49EE00C50C6E /* Build configuration list for PBXProject "CoreDataSPoT" */ = {
			isa = XCConfigurationList;
			buildConfigurations = (
				30898529185F49EF00C50C6E /* Debug */,
				3089852A185F49EF00C50C6E /* Release */,
			);
			defaultConfigurationIsVisible = 0;
			defaultConfigurationName = Release;
		};
		3089852B185F49EF00C50C6E /* Build configuration list for PBXNativeTarget "CoreDataSPoT" */ = {
			isa = XCConfigurationList;
			buildConfigurations = (
				3089852C185F49EF00C50C6E /* Debug */,
				3089852D185F49EF00C50C6E /* Release */,
			);
			defaultConfigurationIsVisible = 0;
			defaultConfigurationName = Release;
		};
		3089852E185F49EF00C50C6E /* Build configuration list for PBXNativeTarget "CoreDataSPoTTests" */ = {
			isa = XCConfigurationList;
			buildConfigurations = (
				3089852F185F49EF00C50C6E /* Debug */,
				30898530185F49EF00C50C6E /* Release */,
			);
			defaultConfigurationIsVisible = 0;
			defaultConfigurationName = Release;
		};
/* End XCConfigurationList section */

/* Begin XCVersionGroup section */
		3089853A185F4BC100C50C6E /* CoreDataSPoT-Prefix.xcdatamodeld */ = {
			isa = XCVersionGroup;
			children = (
				3089853B185F4BC100C50C6E /* CoreDataSPoT-Prefix.xcdatamodel */,
			);
			currentVersion = 3089853B185F4BC100C50C6E /* CoreDataSPoT-Prefix.xcdatamodel */;
			path = "CoreDataSPoT-Prefix.xcdatamodeld";
			sourceTree = "<group>";
			versionGroupType = wrapper.xcdatamodel;
		};
/* End XCVersionGroup section */
	};
	rootObject = 308984F7185F49EE00C50C6E /* Project object */;
}
